
Microsoft Visual Studio Solution File, Format Version 12.00
# Visual Studio 15
VisualStudioVersion = 15.0.28307.757
MinimumVisualStudioVersion = 10.0.40219.1
Project("{2150E333-8FDC-42A3-9474-1A3956D46DE8}") = "Solution Items", "Solution Items", "{AA9FBBE5-E1FB-4814-91E9-119424C2F398}"
	ProjectSection(SolutionItems) = preProject
		Libs\0Harmony.dll = Libs\0Harmony.dll
		Libs\Assembly-CSharp.dll = Libs\Assembly-CSharp.dll
		Libs\BepInEx.dll = Libs\BepInEx.dll
		Libs\BepInEx.Harmony.dll = Libs\BepInEx.Harmony.dll
		Libs\BepInEx.Preloader.dll = Libs\BepInEx.Preloader.dll
		Libs\Facepunch.Steamworks.dll = Libs\Facepunch.Steamworks.dll
		Libs\KdTreeLib.dll = Libs\KdTreeLib.dll
		Libs\MMBAIT.dll = Libs\MMBAIT.dll
		Libs\mono-cil-strip_location.txt = Libs\mono-cil-strip_location.txt
		Libs\Mono.Cecil.dll = Libs\Mono.Cecil.dll
		Libs\MonoMod.RuntimeDetour.dll = Libs\MonoMod.RuntimeDetour.dll
		Libs\MonoMod.Utils.dll = Libs\MonoMod.Utils.dll
		Libs\netstandard.dll = Libs\netstandard.dll
		Libs\pb_Stl.dll = Libs\pb_Stl.dll
		Libs\Poly2Tri.dll = Libs\Poly2Tri.dll
		Libs\ProBuilderCore.dll = Libs\ProBuilderCore.dll
		Libs\ProBuilderMeshOps.dll = Libs\ProBuilderMeshOps.dll
		Libs\R2API.dll = Libs\R2API.dll
		Libs\Rewired_Core.dll = Libs\Rewired_Core.dll
		Libs\Rewired_CSharp.dll = Libs\Rewired_CSharp.dll
		Libs\Rewired_Windows_Lib.dll = Libs\Rewired_Windows_Lib.dll
		Libs\strip.bat = Libs\strip.bat
		Libs\Unity.Postprocessing.Runtime.dll = Libs\Unity.Postprocessing.Runtime.dll
		Libs\Unity.RenderPipelines.Core.Runtime.dll = Libs\Unity.RenderPipelines.Core.Runtime.dll
		Libs\Unity.RenderPipelines.Core.ShaderLibrary.dll = Libs\Unity.RenderPipelines.Core.ShaderLibrary.dll
		Libs\Unity.TextMeshPro.dll = Libs\Unity.TextMeshPro.dll
		Libs\UnityEngine.AccessibilityModule.dll = Libs\UnityEngine.AccessibilityModule.dll
		Libs\UnityEngine.AIModule.dll = Libs\UnityEngine.AIModule.dll
		Libs\UnityEngine.AnimationModule.dll = Libs\UnityEngine.AnimationModule.dll
		Libs\UnityEngine.ARModule.dll = Libs\UnityEngine.ARModule.dll
		Libs\UnityEngine.AssetBundleModule.dll = Libs\UnityEngine.AssetBundleModule.dll
		Libs\UnityEngine.AudioModule.dll = Libs\UnityEngine.AudioModule.dll
		Libs\UnityEngine.BaselibModule.dll = Libs\UnityEngine.BaselibModule.dll
		Libs\UnityEngine.ClothModule.dll = Libs\UnityEngine.ClothModule.dll
		Libs\UnityEngine.ClusterInputModule.dll = Libs\UnityEngine.ClusterInputModule.dll
		Libs\UnityEngine.ClusterRendererModule.dll = Libs\UnityEngine.ClusterRendererModule.dll
		Libs\UnityEngine.CoreModule.dll = Libs\UnityEngine.CoreModule.dll
		Libs\UnityEngine.CrashReportingModule.dll = Libs\UnityEngine.CrashReportingModule.dll
		Libs\UnityEngine.DirectorModule.dll = Libs\UnityEngine.DirectorModule.dll
		Libs\UnityEngine.dll = Libs\UnityEngine.dll
		Libs\UnityEngine.FileSystemHttpModule.dll = Libs\UnityEngine.FileSystemHttpModule.dll
		Libs\UnityEngine.GameCenterModule.dll = Libs\UnityEngine.GameCenterModule.dll
		Libs\UnityEngine.GridModule.dll = Libs\UnityEngine.GridModule.dll
		Libs\UnityEngine.HotReloadModule.dll = Libs\UnityEngine.HotReloadModule.dll
		Libs\UnityEngine.ImageConversionModule.dll = Libs\UnityEngine.ImageConversionModule.dll
		Libs\UnityEngine.IMGUIModule.dll = Libs\UnityEngine.IMGUIModule.dll
		Libs\UnityEngine.InputModule.dll = Libs\UnityEngine.InputModule.dll
		Libs\UnityEngine.JSONSerializeModule.dll = Libs\UnityEngine.JSONSerializeModule.dll
		Libs\UnityEngine.LocalizationModule.dll = Libs\UnityEngine.LocalizationModule.dll
		Libs\UnityEngine.Networking.dll = Libs\UnityEngine.Networking.dll
		Libs\UnityEngine.ParticleSystemModule.dll = Libs\UnityEngine.ParticleSystemModule.dll
		Libs\UnityEngine.PerformanceReportingModule.dll = Libs\UnityEngine.PerformanceReportingModule.dll
		Libs\UnityEngine.Physics2DModule.dll = Libs\UnityEngine.Physics2DModule.dll
		Libs\UnityEngine.PhysicsModule.dll = Libs\UnityEngine.PhysicsModule.dll
		Libs\UnityEngine.ProfilerModule.dll = Libs\UnityEngine.ProfilerModule.dll
		Libs\UnityEngine.ScreenCaptureModule.dll = Libs\UnityEngine.ScreenCaptureModule.dll
		Libs\UnityEngine.SharedInternalsModule.dll = Libs\UnityEngine.SharedInternalsModule.dll
		Libs\UnityEngine.SpatialTracking.dll = Libs\UnityEngine.SpatialTracking.dll
		Libs\UnityEngine.SpriteMaskModule.dll = Libs\UnityEngine.SpriteMaskModule.dll
		Libs\UnityEngine.SpriteShapeModule.dll = Libs\UnityEngine.SpriteShapeModule.dll
		Libs\UnityEngine.StreamingModule.dll = Libs\UnityEngine.StreamingModule.dll
		Libs\UnityEngine.StyleSheetsModule.dll = Libs\UnityEngine.StyleSheetsModule.dll
		Libs\UnityEngine.SubstanceModule.dll = Libs\UnityEngine.SubstanceModule.dll
		Libs\UnityEngine.TerrainModule.dll = Libs\UnityEngine.TerrainModule.dll
		Libs\UnityEngine.TerrainPhysicsModule.dll = Libs\UnityEngine.TerrainPhysicsModule.dll
		Libs\UnityEngine.TextCoreModule.dll = Libs\UnityEngine.TextCoreModule.dll
		Libs\UnityEngine.TextRenderingModule.dll = Libs\UnityEngine.TextRenderingModule.dll
		Libs\UnityEngine.TilemapModule.dll = Libs\UnityEngine.TilemapModule.dll
		Libs\UnityEngine.Timeline.dll = Libs\UnityEngine.Timeline.dll
		Libs\UnityEngine.TimelineModule.dll = Libs\UnityEngine.TimelineModule.dll
		Libs\UnityEngine.TLSModule.dll = Libs\UnityEngine.TLSModule.dll
		Libs\UnityEngine.UI.dll = Libs\UnityEngine.UI.dll
		Libs\UnityEngine.UIElementsModule.dll = Libs\UnityEngine.UIElementsModule.dll
		Libs\UnityEngine.UIModule.dll = Libs\UnityEngine.UIModule.dll
		Libs\UnityEngine.UmbraModule.dll = Libs\UnityEngine.UmbraModule.dll
		Libs\UnityEngine.UNETModule.dll = Libs\UnityEngine.UNETModule.dll
		Libs\UnityEngine.UnityAnalyticsModule.dll = Libs\UnityEngine.UnityAnalyticsModule.dll
		Libs\UnityEngine.UnityConnectModule.dll = Libs\UnityEngine.UnityConnectModule.dll
		Libs\UnityEngine.UnityTestProtocolModule.dll = Libs\UnityEngine.UnityTestProtocolModule.dll
		Libs\UnityEngine.UnityWebRequestAssetBundleModule.dll = Libs\UnityEngine.UnityWebRequestAssetBundleModule.dll
		Libs\UnityEngine.UnityWebRequestAudioModule.dll = Libs\UnityEngine.UnityWebRequestAudioModule.dll
		Libs\UnityEngine.UnityWebRequestModule.dll = Libs\UnityEngine.UnityWebRequestModule.dll
		Libs\UnityEngine.UnityWebRequestTextureModule.dll = Libs\UnityEngine.UnityWebRequestTextureModule.dll
		Libs\UnityEngine.UnityWebRequestWWWModule.dll = Libs\UnityEngine.UnityWebRequestWWWModule.dll
		Libs\UnityEngine.VehiclesModule.dll = Libs\UnityEngine.VehiclesModule.dll
		Libs\UnityEngine.VFXModule.dll = Libs\UnityEngine.VFXModule.dll
		Libs\UnityEngine.VideoModule.dll = Libs\UnityEngine.VideoModule.dll
		Libs\UnityEngine.VRModule.dll = Libs\UnityEngine.VRModule.dll
		Libs\UnityEngine.WindModule.dll = Libs\UnityEngine.WindModule.dll
		Libs\UnityEngine.XRModule.dll = Libs\UnityEngine.XRModule.dll
		Libs\Wwise.dll = Libs\Wwise.dll
		Libs\Zio.dll = Libs\Zio.dll
	EndProjectSection
EndProject
Global
	GlobalSection(SolutionProperties) = preSolution
		HideSolutionNode = FALSE
	EndGlobalSection
	GlobalSection(ExtensibilityGlobals) = postSolution
		SolutionGuid = {D90F3C6E-0405-4FFA-9D3E-A0F23D45136D}
	EndGlobalSection
EndGlobal
